// !$*UTF8*$!
{
	archiveVersion = 1;
	classes = {
	};
	objectVersion = 46;
	objects = {

/* Begin PBXBuildFile section */
		218651B91E4B730400B0FA54 /* IntNodeArray.cpp in Sources */ = {isa = PBXBuildFile; fileRef = 218651B71E4B730400B0FA54 /* IntNodeArray.cpp */; };
		218651BF1E4B7DF600B0FA54 /* StructureController.cpp in Sources */ = {isa = PBXBuildFile; fileRef = 218651BD1E4B7DF600B0FA54 /* StructureController.cpp */; };
		21C395A81E71B4B500704669 /* IntNode.cpp in Sources */ = {isa = PBXBuildFile; fileRef = 21C395A61E71B4B500704669 /* IntNode.cpp */; };
		21C395AA1E71B4D200704669 /* Runner.cpp in Sources */ = {isa = PBXBuildFile; fileRef = 21C395A91E71B4D200704669 /* Runner.cpp */; };
		21F8A48A1E54B25400181BF1 /* Timer.cpp in Sources */ = {isa = PBXBuildFile; fileRef = 21F8A4881E54B25400181BF1 /* Timer.cpp */; };
/* End PBXBuildFile section */

/* Begin PBXCopyFilesBuildPhase section */
		21D10C7C1E48D656008E8168 /* CopyFiles */ = {
			isa = PBXCopyFilesBuildPhase;
			buildActionMask = 2147483647;
			dstPath = /usr/share/man/man1/;
			dstSubfolderSpec = 0;
			files = (
			);
			runOnlyForDeploymentPostprocessing = 1;
		};
/* End PBXCopyFilesBuildPhase section */

/* Begin PBXFileReference section */
		21321E911E69C95D007AFC9C /* DoubleList.hpp */ = {isa = PBXFileReference; lastKnownFileType = sourcecode.cpp.h; name = DoubleList.hpp; path = Model/DoubleList.hpp; sourceTree = "<group>"; };
		21321E941E69C99F007AFC9C /* Queue.hpp */ = {isa = PBXFileReference; lastKnownFileType = sourcecode.cpp.h; name = Queue.hpp; path = Model/Queue.hpp; sourceTree = "<group>"; };
		2137745E1E648D2200BD8CB6 /* BiDirectionalNode.hpp */ = {isa = PBXFileReference; lastKnownFileType = sourcecode.cpp.h; name = BiDirectionalNode.hpp; path = Model/BiDirectionalNode.hpp; sourceTree = "<group>"; };
		213DE3031E6728D40083B2F1 /* DoublyLinkedList.hpp */ = {isa = PBXFileReference; lastKnownFileType = sourcecode.cpp.h; name = DoublyLinkedList.hpp; path = Model/DoublyLinkedList.hpp; sourceTree = "<group>"; };
		213DE3041E672E700083B2F1 /* Stack.hpp */ = {isa = PBXFileReference; lastKnownFileType = sourcecode.cpp.h; name = Stack.hpp; path = Model/Stack.hpp; sourceTree = "<group>"; };
		218651B71E4B730400B0FA54 /* IntNodeArray.cpp */ = {isa = PBXFileReference; fileEncoding = 4; lastKnownFileType = sourcecode.cpp.cpp; name = IntNodeArray.cpp; path = Model/IntNodeArray.cpp; sourceTree = "<group>"; };
		218651B81E4B730400B0FA54 /* IntNodeArray.hpp */ = {isa = PBXFileReference; fileEncoding = 4; lastKnownFileType = sourcecode.cpp.h; name = IntNodeArray.hpp; path = Model/IntNodeArray.hpp; sourceTree = "<group>"; };
		218651BD1E4B7DF600B0FA54 /* StructureController.cpp */ = {isa = PBXFileReference; fileEncoding = 4; lastKnownFileType = sourcecode.cpp.cpp; name = StructureController.cpp; path = Controller/StructureController.cpp; sourceTree = "<group>"; };
		218651BE1E4B7DF600B0FA54 /* StructureController.hpp */ = {isa = PBXFileReference; fileEncoding = 4; lastKnownFileType = sourcecode.cpp.h; name = StructureController.hpp; path = Controller/StructureController.hpp; sourceTree = "<group>"; };
		21C395A41E71B33F00704669 /* Node.hpp */ = {isa = PBXFileReference; fileEncoding = 4; lastKnownFileType = sourcecode.cpp.h; name = Node.hpp; path = Model/Node.hpp; sourceTree = "<group>"; };
		21C395A51E71B4B500704669 /* CircularList.hpp */ = {isa = PBXFileReference; fileEncoding = 4; lastKnownFileType = sourcecode.cpp.h; name = CircularList.hpp; path = Model/CircularList.hpp; sourceTree = "<group>"; };
		21C395A61E71B4B500704669 /* IntNode.cpp */ = {isa = PBXFileReference; fileEncoding = 4; lastKnownFileType = sourcecode.cpp.cpp; name = IntNode.cpp; path = Model/IntNode.cpp; sourceTree = "<group>"; };
		21C395A71E71B4B500704669 /* IntNode.hpp */ = {isa = PBXFileReference; fileEncoding = 4; lastKnownFileType = sourcecode.cpp.h; name = IntNode.hpp; path = Model/IntNode.hpp; sourceTree = "<group>"; };
		21C395A91E71B4D200704669 /* Runner.cpp */ = {isa = PBXFileReference; fileEncoding = 4; lastKnownFileType = sourcecode.cpp.cpp; name = Runner.cpp; path = Controller/Runner.cpp; sourceTree = "<group>"; };
		21D10C7E1E48D656008E8168 /* MorningMegaProject */ = {isa = PBXFileReference; explicitFileType = "compiled.mach-o.executable"; includeInIndex = 0; path = MorningMegaProject; sourceTree = BUILT_PRODUCTS_DIR; };
		21EFB7411E5CA3A000DE9B1B /* List.hpp */ = {isa = PBXFileReference; lastKnownFileType = sourcecode.cpp.h; name = List.hpp; path = Model/List.hpp; sourceTree = "<group>"; };
		21F8A4871E54AAF900181BF1 /* Array.hpp */ = {isa = PBXFileReference; lastKnownFileType = sourcecode.cpp.h; name = Array.hpp; path = Model/Array.hpp; sourceTree = "<group>"; };
		21F8A4881E54B25400181BF1 /* Timer.cpp */ = {isa = PBXFileReference; fileEncoding = 4; lastKnownFileType = sourcecode.cpp.cpp; name = Timer.cpp; path = Model/Timer.cpp; sourceTree = "<group>"; };
		21F8A4891E54B25400181BF1 /* Timer.hpp */ = {isa = PBXFileReference; fileEncoding = 4; lastKnownFileType = sourcecode.cpp.h; name = Timer.hpp; path = Model/Timer.hpp; sourceTree = "<group>"; };
/* End PBXFileReference section */

/* Begin PBXFrameworksBuildPhase section */
		21D10C7B1E48D656008E8168 /* Frameworks */ = {
			isa = PBXFrameworksBuildPhase;
			buildActionMask = 2147483647;
			files = (
			);
			runOnlyForDeploymentPostprocessing = 0;
		};
/* End PBXFrameworksBuildPhase section */

/* Begin PBXGroup section */
		21321E901E69C907007AFC9C /* Inherits From DoublyLinked */ = {
			isa = PBXGroup;
			children = (
				21C395A51E71B4B500704669 /* CircularList.hpp */,
				21321E911E69C95D007AFC9C /* DoubleList.hpp */,
				213DE3041E672E700083B2F1 /* Stack.hpp */,
				21321E941E69C99F007AFC9C /* Queue.hpp */,
			);
			name = "Inherits From DoublyLinked";
			sourceTree = "<group>";
		};
		218651B61E4B724C00B0FA54 /* Model */ = {
			isa = PBXGroup;
			children = (
				21EFB73F1E5C8DCC00DE9B1B /* Typed Data Sample */,
			);
			name = Model;
			sourceTree = "<group>";
		};
		218651BC1E4B7DC900B0FA54 /* Controller */ = {
			isa = PBXGroup;
			children = (
				21C395A91E71B4D200704669 /* Runner.cpp */,
				218651BD1E4B7DF600B0FA54 /* StructureController.cpp */,
				218651BE1E4B7DF600B0FA54 /* StructureController.hpp */,
			);
			name = Controller;
			sourceTree = "<group>";
		};
		21D10C751E48D656008E8168 = {
			isa = PBXGroup;
			children = (
				21D10C801E48D656008E8168 /* MorningMegaProject */,
				21D10C7F1E48D656008E8168 /* Products */,
			);
			sourceTree = "<group>";
		};
		21D10C7F1E48D656008E8168 /* Products */ = {
			isa = PBXGroup;
			children = (
				21D10C7E1E48D656008E8168 /* MorningMegaProject */,
			);
			name = Products;
			sourceTree = "<group>";
		};
		21D10C801E48D656008E8168 /* MorningMegaProject */ = {
			isa = PBXGroup;
			children = (
				21EFB7401E5C8E1000DE9B1B /* Resources */,
				218651B61E4B724C00B0FA54 /* Model */,
				218651BC1E4B7DC900B0FA54 /* Controller */,
			);
			path = MorningMegaProject;
			sourceTree = "<group>";
		};
		21EFB73F1E5C8DCC00DE9B1B /* Typed Data Sample */ = {
			isa = PBXGroup;
			children = (
				21C395A61E71B4B500704669 /* IntNode.cpp */,
				21C395A71E71B4B500704669 /* IntNode.hpp */,
				21C395A41E71B33F00704669 /* Node.hpp */,
				213DE3031E6728D40083B2F1 /* DoublyLinkedList.hpp */,
				21F8A4871E54AAF900181BF1 /* Array.hpp */,
				2137745E1E648D2200BD8CB6 /* BiDirectionalNode.hpp */,
				21EFB7411E5CA3A000DE9B1B /* List.hpp */,
				21F8A4891E54B25400181BF1 /* Timer.hpp */,
				21F8A4881E54B25400181BF1 /* Timer.cpp */,
				218651B81E4B730400B0FA54 /* IntNodeArray.hpp */,
				218651B71E4B730400B0FA54 /* IntNodeArray.cpp */,
				21321E901E69C907007AFC9C /* Inherits From DoublyLinked */,
			);
			name = "Typed Data Sample";
			sourceTree = "<group>";
		};
		21EFB7401E5C8E1000DE9B1B /* Resources */ = {
			isa = PBXGroup;
			children = (
			);
			name = Resources;
			sourceTree = "<group>";
		};
/* End PBXGroup section */

/* Begin PBXNativeTarget section */
		21D10C7D1E48D656008E8168 /* MorningMegaProject */ = {
			isa = PBXNativeTarget;
			buildConfigurationList = 21D10C851E48D656008E8168 /* Build configuration list for PBXNativeTarget "MorningMegaProject" */;
			buildPhases = (
				21D10C7A1E48D656008E8168 /* Sources */,
				21D10C7B1E48D656008E8168 /* Frameworks */,
				21D10C7C1E48D656008E8168 /* CopyFiles */,
			);
			buildRules = (
			);
			dependencies = (
			);
			name = MorningMegaProject;
			productName = MorningMegaProject;
			productReference = 21D10C7E1E48D656008E8168 /* MorningMegaProject */;
			productType = "com.apple.product-type.tool";
		};
/* End PBXNativeTarget section */

/* Begin PBXProject section */
		21D10C761E48D656008E8168 /* Project object */ = {
			isa = PBXProject;
			attributes = {
				LastUpgradeCheck = 0810;
				ORGANIZATIONNAME = CTEC;
				TargetAttributes = {
					21D10C7D1E48D656008E8168 = {
						CreatedOnToolsVersion = 8.1;
						ProvisioningStyle = Automatic;
					};
				};
			};
			buildConfigurationList = 21D10C791E48D656008E8168 /* Build configuration list for PBXProject "MorningMegaProject" */;
			compatibilityVersion = "Xcode 3.2";
			developmentRegion = English;
			hasScannedForEncodings = 0;
			knownRegions = (
				en,
			);
			mainGroup = 21D10C751E48D656008E8168;
			productRefGroup = 21D10C7F1E48D656008E8168 /* Products */;
			projectDirPath = "";
			projectRoot = "";
			targets = (
				21D10C7D1E48D656008E8168 /* MorningMegaProject */,
			);
		};
/* End PBXProject section */

/* Begin PBXSourcesBuildPhase section */
		21D10C7A1E48D656008E8168 /* Sources */ = {
			isa = PBXSourcesBuildPhase;
			buildActionMask = 2147483647;
			files = (
				218651BF1E4B7DF600B0FA54 /* StructureController.cpp in Sources */,
				21C395A81E71B4B500704669 /* IntNode.cpp in Sources */,
				21C395AA1E71B4D200704669 /* Runner.cpp in Sources */,
				21F8A48A1E54B25400181BF1 /* Timer.cpp in Sources */,
				218651B91E4B730400B0FA54 /* IntNodeArray.cpp in Sources */,
			);
			runOnlyForDeploymentPostprocessing = 0;
		};
/* End PBXSourcesBuildPhase section */

/* Begin XCBuildConfiguration section */
		21D10C831E48D656008E8168 /* Debug */ = {
			isa = XCBuildConfiguration;
			buildSettings = {
				ALWAYS_SEARCH_USER_PATHS = NO;
				CLANG_ANALYZER_NONNULL = YES;
				CLANG_CXX_LANGUAGE_STANDARD = "gnu++0x";
				CLANG_CXX_LIBRARY = "libc++";
				CLANG_ENABLE_MODULES = YES;
				CLANG_ENABLE_OBJC_ARC = YES;
				CLANG_WARN_BOOL_CONVERSION = YES;
				CLANG_WARN_CONSTANT_CONVERSION = YES;
				CLANG_WARN_DIRECT_OBJC_ISA_USAGE = YES_ERROR;
				CLANG_WARN_DOCUMENTATION_COMMENTS = YES;
				CLANG_WARN_EMPTY_BODY = YES;
				CLANG_WARN_ENUM_CONVERSION = YES;
				CLANG_WARN_INFINITE_RECURSION = YES;
				CLANG_WARN_INT_CONVERSION = YES;
				CLANG_WARN_OBJC_ROOT_CLASS = YES_ERROR;
				CLANG_WARN_SUSPICIOUS_MOVES = YES;
				CLANG_WARN_UNREACHABLE_CODE = YES;
				CLANG_WARN__DUPLICATE_METHOD_MATCH = YES;
				CODE_SIGN_IDENTITY = "-";
				COPY_PHASE_STRIP = NO;
				DEBUG_INFORMATION_FORMAT = dwarf;
				ENABLE_STRICT_OBJC_MSGSEND = YES;
				ENABLE_TESTABILITY = YES;
				GCC_C_LANGUAGE_STANDARD = gnu99;
				GCC_DYNAMIC_NO_PIC = NO;
				GCC_NO_COMMON_BLOCKS = YES;
				GCC_OPTIMIZATION_LEVEL = 0;
				GCC_PREPROCESSOR_DEFINITIONS = (
					"DEBUG=1",
					"$(inherited)",
				);
				GCC_WARN_64_TO_32_BIT_CONVERSION = YES;
				GCC_WARN_ABOUT_RETURN_TYPE = YES_ERROR;
				GCC_WARN_UNDECLARED_SELECTOR = YES;
				GCC_WARN_UNINITIALIZED_AUTOS = YES_AGGRESSIVE;
				GCC_WARN_UNUSED_FUNCTION = YES;
				GCC_WARN_UNUSED_VARIABLE = YES;
				MACOSX_DEPLOYMENT_TARGET = 10.11;
				MTL_ENABLE_DEBUG_INFO = YES;
				ONLY_ACTIVE_ARCH = YES;
				SDKROOT = macosx;
			};
			name = Debug;
		};
		21D10C841E48D656008E8168 /* Release */ = {
			isa = XCBuildConfiguration;
			buildSettings = {
				ALWAYS_SEARCH_USER_PATHS = NO;
				CLANG_ANALYZER_NONNULL = YES;
				CLANG_CXX_LANGUAGE_STANDARD = "gnu++0x";
				CLANG_CXX_LIBRARY = "libc++";
				CLANG_ENABLE_MODULES = YES;
				CLANG_ENABLE_OBJC_ARC = YES;
				CLANG_WARN_BOOL_CONVERSION = YES;
				CLANG_WARN_CONSTANT_CONVERSION = YES;
				CLANG_WARN_DIRECT_OBJC_ISA_USAGE = YES_ERROR;
				CLANG_WARN_DOCUMENTATION_COMMENTS = YES;
				CLANG_WARN_EMPTY_BODY = YES;
				CLANG_WARN_ENUM_CONVERSION = YES;
				CLANG_WARN_INFINITE_RECURSION = YES;
				CLANG_WARN_INT_CONVERSION = YES;
				CLANG_WARN_OBJC_ROOT_CLASS = YES_ERROR;
				CLANG_WARN_SUSPICIOUS_MOVES = YES;
				CLANG_WARN_UNREACHABLE_CODE = YES;
				CLANG_WARN__DUPLICATE_METHOD_MATCH = YES;
				CODE_SIGN_IDENTITY = "-";
				COPY_PHASE_STRIP = NO;
				DEBUG_INFORMATION_FORMAT = "dwarf-with-dsym";
				ENABLE_NS_ASSERTIONS = NO;
				ENABLE_STRICT_OBJC_MSGSEND = YES;
				GCC_C_LANGUAGE_STANDARD = gnu99;
				GCC_NO_COMMON_BLOCKS = YES;
				GCC_WARN_64_TO_32_BIT_CONVERSION = YES;
				GCC_WARN_ABOUT_RETURN_TYPE = YES_ERROR;
				GCC_WARN_UNDECLARED_SELECTOR = YES;
				GCC_WARN_UNINITIALIZED_AUTOS = YES_AGGRESSIVE;
				GCC_WARN_UNUSED_FUNCTION = YES;
				GCC_WARN_UNUSED_VARIABLE = YES;
				MACOSX_DEPLOYMENT_TARGET = 10.11;
				MTL_ENABLE_DEBUG_INFO = NO;
				SDKROOT = macosx;
			};
			name = Release;
		};
		21D10C861E48D656008E8168 /* Debug */ = {
			isa = XCBuildConfiguration;
			buildSettings = {
				PRODUCT_NAME = "$(TARGET_NAME)";
			};
			name = Debug;
		};
		21D10C871E48D656008E8168 /* Release */ = {
			isa = XCBuildConfiguration;
			buildSettings = {
				PRODUCT_NAME = "$(TARGET_NAME)";
			};
			name = Release;
		};
/* End XCBuildConfiguration section */

/* Begin XCConfigurationList section */
		21D10C791E48D656008E8168 /* Build configuration list for PBXProject "MorningMegaProject" */ = {
			isa = XCConfigurationList;
			buildConfigurations = (
				21D10C831E48D656008E8168 /* Debug */,
				21D10C841E48D656008E8168 /* Release */,
			);
			defaultConfigurationIsVisible = 0;
			defaultConfigurationName = Release;
		};
		21D10C851E48D656008E8168 /* Build configuration list for PBXNativeTarget "MorningMegaProject" */ = {
			isa = XCConfigurationList;
			buildConfigurations = (
				21D10C861E48D656008E8168 /* Debug */,
				21D10C871E48D656008E8168 /* Release */,
			);
			defaultConfigurationIsVisible = 0;
			defaultConfigurationName = Release;
		};
/* End XCConfigurationList section */
	};
	rootObject = 21D10C761E48D656008E8168 /* Project object */;
}
